
Microsoft Visual Studio Solution File, Format Version 12.00
# Visual Studio Version 17
VisualStudioVersion = 17.1.32421.90
MinimumVisualStudioVersion = 10.0.40219.1
Project("{FAE04EC0-301F-11D3-BF4B-00C04F79EFBC}") = "Producer", "Producer\Producer.csproj", "{807446D3-3E47-4C75-A5E4-FC15AA6C73C1}"
EndProject
Project("{FAE04EC0-301F-11D3-BF4B-00C04F79EFBC}") = "Consumer", "Consumer\Consumer.csproj", "{BEC9E7A4-AAF8-4FB1-B215-C325E64AD7FD}"
EndProject
Global
	GlobalSection(SolutionConfigurationPlatforms) = preSolution
		Debug|Any CPU = Debug|Any CPU
		Release|Any CPU = Release|Any CPU
	EndGlobalSection
	GlobalSection(ProjectConfigurationPlatforms) = postSolution
		{807446D3-3E47-4C75-A5E4-FC15AA6C73C1}.Debug|Any CPU.ActiveCfg = Debug|Any CPU
		{807446D3-3E47-4C75-A5E4-FC15AA6C73C1}.Debug|Any CPU.Build.0 = Debug|Any CPU
		{807446D3-3E47-4C75-A5E4-FC15AA6C73C1}.Release|Any CPU.ActiveCfg = Release|Any CPU
		{807446D3-3E47-4C75-A5E4-FC15AA6C73C1}.Release|Any CPU.Build.0 = Release|Any CPU
		{BEC9E7A4-AAF8-4FB1-B215-C325E64AD7FD}.Debug|Any CPU.ActiveCfg = Debug|Any CPU
		{BEC9E7A4-AAF8-4FB1-B215-C325E64AD7FD}.Debug|Any CPU.Build.0 = Debug|Any CPU
		{BEC9E7A4-AAF8-4FB1-B215-C325E64AD7FD}.Release|Any CPU.ActiveCfg = Release|Any CPU
		{BEC9E7A4-AAF8-4FB1-B215-C325E64AD7FD}.Release|Any CPU.Build.0 = Release|Any CPU
	EndGlobalSection
	GlobalSection(SolutionProperties) = preSolution
		HideSolutionNode = FALSE
	EndGlobalSection
	GlobalSection(ExtensibilityGlobals) = postSolution
		SolutionGuid = {8286CA10-C44D-46C1-94F4-D6C7262EDEDF}
	EndGlobalSection
EndGlobal
