
Microsoft Visual Studio Solution File, Format Version 12.00
# Visual Studio Version 17
VisualStudioVersion = 17.1.32421.90
MinimumVisualStudioVersion = 10.0.40219.1
Project("{2150E333-8FDC-42A3-9474-1A3956D46DE8}") = "Microservices", "Microservices", "{35943F9E-E54D-471C-BD7D-0282857C73A2}"
EndProject
Project("{2150E333-8FDC-42A3-9474-1A3956D46DE8}") = "Domain", "Domain", "{D1030E6A-46E5-4BDF-A9E6-FF3FD8BD38E4}"
EndProject
Project("{2150E333-8FDC-42A3-9474-1A3956D46DE8}") = "Infra.Bus", "Infra.Bus", "{29F43203-5B76-4E41-BECF-C78C37AF4BB5}"
EndProject
Project("{2150E333-8FDC-42A3-9474-1A3956D46DE8}") = "Infra.IoC", "Infra.IoC", "{61753A41-871B-4875-BF1B-CCB33D8C5109}"
EndProject
Project("{2150E333-8FDC-42A3-9474-1A3956D46DE8}") = "Presentation", "Presentation", "{9C8FF193-5176-40B0-92D7-DD046190DFBE}"
EndProject
Project("{FAE04EC0-301F-11D3-BF4B-00C04F79EFBC}") = "MicroRabbit.Domain.Core", "MicroRabbit.Domain.Core\MicroRabbit.Domain.Core.csproj", "{7EE1F0FE-0307-47A8-BB06-ED81FF0E62F5}"
EndProject
Project("{FAE04EC0-301F-11D3-BF4B-00C04F79EFBC}") = "MicroRabbit.Infra.Bus", "MicroRabbit.Infra.Bus\MicroRabbit.Infra.Bus.csproj", "{18C93EB5-E8D8-4958-955B-8A23B74B7B3D}"
EndProject
Project("{FAE04EC0-301F-11D3-BF4B-00C04F79EFBC}") = "MicroRabbit.Infra.IoC", "MicroRabbit.Infra.IoC\MicroRabbit.Infra.IoC.csproj", "{6A833FD7-F926-4C37-A622-77909047B4D9}"
EndProject
Project("{2150E333-8FDC-42A3-9474-1A3956D46DE8}") = "Banking", "Banking", "{6357FA94-70B0-4CFC-ACA0-6ACE875B8354}"
EndProject
Project("{2150E333-8FDC-42A3-9474-1A3956D46DE8}") = "Api", "Api", "{C3D922D5-F7E9-4741-892B-52EFCFDEA5C7}"
EndProject
Project("{2150E333-8FDC-42A3-9474-1A3956D46DE8}") = "Domain", "Domain", "{5D23E7D8-1362-42D9-B330-A622B28C777A}"
EndProject
Project("{2150E333-8FDC-42A3-9474-1A3956D46DE8}") = "Application", "Application", "{93B104C0-FE3A-4D53-9741-9CA54B81A74A}"
EndProject
Project("{2150E333-8FDC-42A3-9474-1A3956D46DE8}") = "Data", "Data", "{EFD9BDB1-04D8-47D1-B4EB-4A110A37D18C}"
EndProject
Project("{FAE04EC0-301F-11D3-BF4B-00C04F79EFBC}") = "MicroRabbit.Banking.Api", "MicroRabbit.Banking.Api\MicroRabbit.Banking.Api.csproj", "{2B8589EC-3E16-4B44-BD35-4A81BE425F57}"
EndProject
Project("{FAE04EC0-301F-11D3-BF4B-00C04F79EFBC}") = "MicroRabbit.Banking.Application", "MicroRabbit.Banking.Application\MicroRabbit.Banking.Application.csproj", "{33C2727D-1201-4A4F-A6A3-FA49D472CFD4}"
EndProject
Project("{FAE04EC0-301F-11D3-BF4B-00C04F79EFBC}") = "MicroRabbit.Banking.Data", "MicroRabbit.Banking.Data\MicroRabbit.Banking.Data.csproj", "{3D9D9D67-913B-4F31-BB0A-6D3C22155A53}"
EndProject
Project("{FAE04EC0-301F-11D3-BF4B-00C04F79EFBC}") = "MicroRabbit.Banking.Domain", "MicroRabbit.Banking.Domain\MicroRabbit.Banking.Domain.csproj", "{2A7BF130-73C9-4882-8036-F487B17A0751}"
EndProject
Project("{2150E333-8FDC-42A3-9474-1A3956D46DE8}") = "Transfer", "Transfer", "{E428FB65-BF2D-42C2-B266-6A06755A272D}"
EndProject
Project("{2150E333-8FDC-42A3-9474-1A3956D46DE8}") = "Api", "Api", "{B187DA1A-72DD-40C8-BE0B-8C0453200AD5}"
EndProject
Project("{2150E333-8FDC-42A3-9474-1A3956D46DE8}") = "Application", "Application", "{46520447-3553-40E2-8018-AA790F02F2A3}"
EndProject
Project("{2150E333-8FDC-42A3-9474-1A3956D46DE8}") = "Data", "Data", "{389A034C-EF26-4E37-A3E7-3D93347AB574}"
EndProject
Project("{2150E333-8FDC-42A3-9474-1A3956D46DE8}") = "Domain", "Domain", "{9131327B-BDDD-4EF3-8B0E-39E895E373CC}"
EndProject
Project("{FAE04EC0-301F-11D3-BF4B-00C04F79EFBC}") = "MicroRabbit.Transfer.Api", "MicroRabbit.Transfer.Api\MicroRabbit.Transfer.Api.csproj", "{B792EDD3-DEBD-4A23-B8D2-82B156F0739F}"
EndProject
Project("{FAE04EC0-301F-11D3-BF4B-00C04F79EFBC}") = "MicroRabbit.Transfer.Application", "MicroRabbit.Transfer.Application\MicroRabbit.Transfer.Application.csproj", "{BD0417FF-3E22-4B1A-9E4C-6026C806F343}"
EndProject
Project("{FAE04EC0-301F-11D3-BF4B-00C04F79EFBC}") = "MicroRabbit.Transfer.Data", "MicroRabbit.Transfer.Data\MicroRabbit.Transfer.Data.csproj", "{959213CB-A4F0-4C0D-9540-3CB67AEF7E29}"
EndProject
Project("{FAE04EC0-301F-11D3-BF4B-00C04F79EFBC}") = "MicroRabbit.Transfer.Domain", "MicroRabbit.Transfer.Domain\MicroRabbit.Transfer.Domain.csproj", "{E3D1337C-C262-4454-916D-EA57D381EFE0}"
EndProject
Global
	GlobalSection(SolutionConfigurationPlatforms) = preSolution
		Debug|Any CPU = Debug|Any CPU
		Release|Any CPU = Release|Any CPU
	EndGlobalSection
	GlobalSection(ProjectConfigurationPlatforms) = postSolution
		{7EE1F0FE-0307-47A8-BB06-ED81FF0E62F5}.Debug|Any CPU.ActiveCfg = Debug|Any CPU
		{7EE1F0FE-0307-47A8-BB06-ED81FF0E62F5}.Debug|Any CPU.Build.0 = Debug|Any CPU
		{7EE1F0FE-0307-47A8-BB06-ED81FF0E62F5}.Release|Any CPU.ActiveCfg = Release|Any CPU
		{7EE1F0FE-0307-47A8-BB06-ED81FF0E62F5}.Release|Any CPU.Build.0 = Release|Any CPU
		{18C93EB5-E8D8-4958-955B-8A23B74B7B3D}.Debug|Any CPU.ActiveCfg = Debug|Any CPU
		{18C93EB5-E8D8-4958-955B-8A23B74B7B3D}.Debug|Any CPU.Build.0 = Debug|Any CPU
		{18C93EB5-E8D8-4958-955B-8A23B74B7B3D}.Release|Any CPU.ActiveCfg = Release|Any CPU
		{18C93EB5-E8D8-4958-955B-8A23B74B7B3D}.Release|Any CPU.Build.0 = Release|Any CPU
		{6A833FD7-F926-4C37-A622-77909047B4D9}.Debug|Any CPU.ActiveCfg = Debug|Any CPU
		{6A833FD7-F926-4C37-A622-77909047B4D9}.Debug|Any CPU.Build.0 = Debug|Any CPU
		{6A833FD7-F926-4C37-A622-77909047B4D9}.Release|Any CPU.ActiveCfg = Release|Any CPU
		{6A833FD7-F926-4C37-A622-77909047B4D9}.Release|Any CPU.Build.0 = Release|Any CPU
		{2B8589EC-3E16-4B44-BD35-4A81BE425F57}.Debug|Any CPU.ActiveCfg = Debug|Any CPU
		{2B8589EC-3E16-4B44-BD35-4A81BE425F57}.Debug|Any CPU.Build.0 = Debug|Any CPU
		{2B8589EC-3E16-4B44-BD35-4A81BE425F57}.Release|Any CPU.ActiveCfg = Release|Any CPU
		{2B8589EC-3E16-4B44-BD35-4A81BE425F57}.Release|Any CPU.Build.0 = Release|Any CPU
		{33C2727D-1201-4A4F-A6A3-FA49D472CFD4}.Debug|Any CPU.ActiveCfg = Debug|Any CPU
		{33C2727D-1201-4A4F-A6A3-FA49D472CFD4}.Debug|Any CPU.Build.0 = Debug|Any CPU
		{33C2727D-1201-4A4F-A6A3-FA49D472CFD4}.Release|Any CPU.ActiveCfg = Release|Any CPU
		{33C2727D-1201-4A4F-A6A3-FA49D472CFD4}.Release|Any CPU.Build.0 = Release|Any CPU
		{3D9D9D67-913B-4F31-BB0A-6D3C22155A53}.Debug|Any CPU.ActiveCfg = Debug|Any CPU
		{3D9D9D67-913B-4F31-BB0A-6D3C22155A53}.Debug|Any CPU.Build.0 = Debug|Any CPU
		{3D9D9D67-913B-4F31-BB0A-6D3C22155A53}.Release|Any CPU.ActiveCfg = Release|Any CPU
		{3D9D9D67-913B-4F31-BB0A-6D3C22155A53}.Release|Any CPU.Build.0 = Release|Any CPU
		{2A7BF130-73C9-4882-8036-F487B17A0751}.Debug|Any CPU.ActiveCfg = Debug|Any CPU
		{2A7BF130-73C9-4882-8036-F487B17A0751}.Debug|Any CPU.Build.0 = Debug|Any CPU
		{2A7BF130-73C9-4882-8036-F487B17A0751}.Release|Any CPU.ActiveCfg = Release|Any CPU
		{2A7BF130-73C9-4882-8036-F487B17A0751}.Release|Any CPU.Build.0 = Release|Any CPU
		{B792EDD3-DEBD-4A23-B8D2-82B156F0739F}.Debug|Any CPU.ActiveCfg = Debug|Any CPU
		{B792EDD3-DEBD-4A23-B8D2-82B156F0739F}.Debug|Any CPU.Build.0 = Debug|Any CPU
		{B792EDD3-DEBD-4A23-B8D2-82B156F0739F}.Release|Any CPU.ActiveCfg = Release|Any CPU
		{B792EDD3-DEBD-4A23-B8D2-82B156F0739F}.Release|Any CPU.Build.0 = Release|Any CPU
		{BD0417FF-3E22-4B1A-9E4C-6026C806F343}.Debug|Any CPU.ActiveCfg = Debug|Any CPU
		{BD0417FF-3E22-4B1A-9E4C-6026C806F343}.Debug|Any CPU.Build.0 = Debug|Any CPU
		{BD0417FF-3E22-4B1A-9E4C-6026C806F343}.Release|Any CPU.ActiveCfg = Release|Any CPU
		{BD0417FF-3E22-4B1A-9E4C-6026C806F343}.Release|Any CPU.Build.0 = Release|Any CPU
		{959213CB-A4F0-4C0D-9540-3CB67AEF7E29}.Debug|Any CPU.ActiveCfg = Debug|Any CPU
		{959213CB-A4F0-4C0D-9540-3CB67AEF7E29}.Debug|Any CPU.Build.0 = Debug|Any CPU
		{959213CB-A4F0-4C0D-9540-3CB67AEF7E29}.Release|Any CPU.ActiveCfg = Release|Any CPU
		{959213CB-A4F0-4C0D-9540-3CB67AEF7E29}.Release|Any CPU.Build.0 = Release|Any CPU
		{E3D1337C-C262-4454-916D-EA57D381EFE0}.Debug|Any CPU.ActiveCfg = Debug|Any CPU
		{E3D1337C-C262-4454-916D-EA57D381EFE0}.Debug|Any CPU.Build.0 = Debug|Any CPU
		{E3D1337C-C262-4454-916D-EA57D381EFE0}.Release|Any CPU.ActiveCfg = Release|Any CPU
		{E3D1337C-C262-4454-916D-EA57D381EFE0}.Release|Any CPU.Build.0 = Release|Any CPU
	EndGlobalSection
	GlobalSection(SolutionProperties) = preSolution
		HideSolutionNode = FALSE
	EndGlobalSection
	GlobalSection(NestedProjects) = preSolution
		{7EE1F0FE-0307-47A8-BB06-ED81FF0E62F5} = {D1030E6A-46E5-4BDF-A9E6-FF3FD8BD38E4}
		{18C93EB5-E8D8-4958-955B-8A23B74B7B3D} = {29F43203-5B76-4E41-BECF-C78C37AF4BB5}
		{6A833FD7-F926-4C37-A622-77909047B4D9} = {61753A41-871B-4875-BF1B-CCB33D8C5109}
		{6357FA94-70B0-4CFC-ACA0-6ACE875B8354} = {35943F9E-E54D-471C-BD7D-0282857C73A2}
		{C3D922D5-F7E9-4741-892B-52EFCFDEA5C7} = {6357FA94-70B0-4CFC-ACA0-6ACE875B8354}
		{5D23E7D8-1362-42D9-B330-A622B28C777A} = {6357FA94-70B0-4CFC-ACA0-6ACE875B8354}
		{93B104C0-FE3A-4D53-9741-9CA54B81A74A} = {6357FA94-70B0-4CFC-ACA0-6ACE875B8354}
		{EFD9BDB1-04D8-47D1-B4EB-4A110A37D18C} = {6357FA94-70B0-4CFC-ACA0-6ACE875B8354}
		{2B8589EC-3E16-4B44-BD35-4A81BE425F57} = {C3D922D5-F7E9-4741-892B-52EFCFDEA5C7}
		{33C2727D-1201-4A4F-A6A3-FA49D472CFD4} = {93B104C0-FE3A-4D53-9741-9CA54B81A74A}
		{3D9D9D67-913B-4F31-BB0A-6D3C22155A53} = {EFD9BDB1-04D8-47D1-B4EB-4A110A37D18C}
		{2A7BF130-73C9-4882-8036-F487B17A0751} = {5D23E7D8-1362-42D9-B330-A622B28C777A}
		{E428FB65-BF2D-42C2-B266-6A06755A272D} = {35943F9E-E54D-471C-BD7D-0282857C73A2}
		{B187DA1A-72DD-40C8-BE0B-8C0453200AD5} = {E428FB65-BF2D-42C2-B266-6A06755A272D}
		{46520447-3553-40E2-8018-AA790F02F2A3} = {E428FB65-BF2D-42C2-B266-6A06755A272D}
		{389A034C-EF26-4E37-A3E7-3D93347AB574} = {E428FB65-BF2D-42C2-B266-6A06755A272D}
		{9131327B-BDDD-4EF3-8B0E-39E895E373CC} = {E428FB65-BF2D-42C2-B266-6A06755A272D}
		{B792EDD3-DEBD-4A23-B8D2-82B156F0739F} = {B187DA1A-72DD-40C8-BE0B-8C0453200AD5}
		{BD0417FF-3E22-4B1A-9E4C-6026C806F343} = {46520447-3553-40E2-8018-AA790F02F2A3}
		{959213CB-A4F0-4C0D-9540-3CB67AEF7E29} = {389A034C-EF26-4E37-A3E7-3D93347AB574}
		{E3D1337C-C262-4454-916D-EA57D381EFE0} = {9131327B-BDDD-4EF3-8B0E-39E895E373CC}
	EndGlobalSection
	GlobalSection(ExtensibilityGlobals) = postSolution
		SolutionGuid = {36A9FB3B-1330-41A4-A188-1444CF874BBB}
	EndGlobalSection
EndGlobal
